
Microsoft Visual Studio Solution File, Format Version 12.00
# Visual Studio 2013
VisualStudioVersion = 12.0.30501.0
MinimumVisualStudioVersion = 10.0.40219.1
Project("{2150E333-8FDC-42A3-9474-1A3956D46DE8}") = "Tests", "Tests", "{0F9BB33A-FF1F-4618-8EE7-40681F90BF0C}"
	ProjectSection(SolutionItems) = preProject
		tests\Settings.StyleCop = tests\Settings.StyleCop
	EndProjectSection
EndProject
Project("{2150E333-8FDC-42A3-9474-1A3956D46DE8}") = "Unit", "Unit", "{25EC794C-A39E-4420-B2FA-F670CB4530AC}"
EndProject
Project("{2150E333-8FDC-42A3-9474-1A3956D46DE8}") = "Integration", "Integration", "{6568C5DF-0251-4D9B-992C-4802B74FB8C3}"
EndProject
Project("{2150E333-8FDC-42A3-9474-1A3956D46DE8}") = "Core", "Core", "{C3E6F8E7-76E7-4BEE-AEEE-9B867E852F12}"
EndProject
Project("{2150E333-8FDC-42A3-9474-1A3956D46DE8}") = "Tools", "Tools", "{B633535F-801F-4151-A760-40370E6C438F}"
EndProject
Project("{FAE04EC0-301F-11D3-BF4B-00C04F79EFBC}") = "OctoStyle.Core", "src\OctoStyle.Core\OctoStyle.Core.csproj", "{EA9E7DD6-21B0-4C12-8907-8495BB41B190}"
EndProject
Project("{FAE04EC0-301F-11D3-BF4B-00C04F79EFBC}") = "OctoStyle.Core.Tests.Unit", "tests\unit\OctoStyle.Core.Tests.Unit\OctoStyle.Core.Tests.Unit.csproj", "{94EAC77A-B1C5-454A-9E66-098544E02E72}"
EndProject
Project("{FAE04EC0-301F-11D3-BF4B-00C04F79EFBC}") = "OctoStyle.Console", "src\OctoStyle.Console\OctoStyle.Console.csproj", "{35948F68-A753-47BE-94D5-DB8A11A3DB19}"
EndProject
Project("{FAE04EC0-301F-11D3-BF4B-00C04F79EFBC}") = "OctoStyle.Console.Tests.Integration", "tests\integration\OctoStyle.Console.Tests.Integration\OctoStyle.Console.Tests.Integration.csproj", "{FDAE2EC3-0A09-45F8-9989-ED5931A7D7E7}"
EndProject
Project("{FAE04EC0-301F-11D3-BF4B-00C04F79EFBC}") = "OctoStyle.Core.Tests.Integration", "tests\integration\OctoStyle.Core.Tests.Integration\OctoStyle.Core.Tests.Integration.csproj", "{C0572B35-76AD-41D3-B9F6-FCCDD8FF4F29}"
EndProject
Project("{FAE04EC0-301F-11D3-BF4B-00C04F79EFBC}") = "OctoStyle.Console.Tests.Unit", "tests\unit\OctoStyle.Console.Tests.Unit\OctoStyle.Console.Tests.Unit.csproj", "{48AD8B56-6A37-44BE-B60E-2DEF9C767B19}"
EndProject
Project("{2150E333-8FDC-42A3-9474-1A3956D46DE8}") = "Solution Items", "Solution Items", "{1573292F-9FB4-4B67-B583-81D63784B2DC}"
	ProjectSection(SolutionItems) = preProject
		src\Settings.StyleCop = src\Settings.StyleCop
	EndProjectSection
EndProject
Global
	GlobalSection(SolutionConfigurationPlatforms) = preSolution
		Debug|Any CPU = Debug|Any CPU
		Release|Any CPU = Release|Any CPU
	EndGlobalSection
	GlobalSection(ProjectConfigurationPlatforms) = postSolution
		{EA9E7DD6-21B0-4C12-8907-8495BB41B190}.Debug|Any CPU.ActiveCfg = Debug|Any CPU
		{EA9E7DD6-21B0-4C12-8907-8495BB41B190}.Debug|Any CPU.Build.0 = Debug|Any CPU
		{EA9E7DD6-21B0-4C12-8907-8495BB41B190}.Release|Any CPU.ActiveCfg = Release|Any CPU
		{EA9E7DD6-21B0-4C12-8907-8495BB41B190}.Release|Any CPU.Build.0 = Release|Any CPU
		{94EAC77A-B1C5-454A-9E66-098544E02E72}.Debug|Any CPU.ActiveCfg = Debug|Any CPU
		{94EAC77A-B1C5-454A-9E66-098544E02E72}.Debug|Any CPU.Build.0 = Debug|Any CPU
		{94EAC77A-B1C5-454A-9E66-098544E02E72}.Release|Any CPU.ActiveCfg = Release|Any CPU
		{94EAC77A-B1C5-454A-9E66-098544E02E72}.Release|Any CPU.Build.0 = Release|Any CPU
		{35948F68-A753-47BE-94D5-DB8A11A3DB19}.Debug|Any CPU.ActiveCfg = Debug|Any CPU
		{35948F68-A753-47BE-94D5-DB8A11A3DB19}.Debug|Any CPU.Build.0 = Debug|Any CPU
		{35948F68-A753-47BE-94D5-DB8A11A3DB19}.Release|Any CPU.ActiveCfg = Release|Any CPU
		{35948F68-A753-47BE-94D5-DB8A11A3DB19}.Release|Any CPU.Build.0 = Release|Any CPU
		{FDAE2EC3-0A09-45F8-9989-ED5931A7D7E7}.Debug|Any CPU.ActiveCfg = Debug|Any CPU
		{FDAE2EC3-0A09-45F8-9989-ED5931A7D7E7}.Debug|Any CPU.Build.0 = Debug|Any CPU
		{FDAE2EC3-0A09-45F8-9989-ED5931A7D7E7}.Release|Any CPU.ActiveCfg = Release|Any CPU
		{FDAE2EC3-0A09-45F8-9989-ED5931A7D7E7}.Release|Any CPU.Build.0 = Release|Any CPU
		{C0572B35-76AD-41D3-B9F6-FCCDD8FF4F29}.Debug|Any CPU.ActiveCfg = Debug|Any CPU
		{C0572B35-76AD-41D3-B9F6-FCCDD8FF4F29}.Debug|Any CPU.Build.0 = Debug|Any CPU
		{C0572B35-76AD-41D3-B9F6-FCCDD8FF4F29}.Release|Any CPU.ActiveCfg = Release|Any CPU
		{C0572B35-76AD-41D3-B9F6-FCCDD8FF4F29}.Release|Any CPU.Build.0 = Release|Any CPU
		{48AD8B56-6A37-44BE-B60E-2DEF9C767B19}.Debug|Any CPU.ActiveCfg = Debug|Any CPU
		{48AD8B56-6A37-44BE-B60E-2DEF9C767B19}.Debug|Any CPU.Build.0 = Debug|Any CPU
		{48AD8B56-6A37-44BE-B60E-2DEF9C767B19}.Release|Any CPU.ActiveCfg = Release|Any CPU
		{48AD8B56-6A37-44BE-B60E-2DEF9C767B19}.Release|Any CPU.Build.0 = Release|Any CPU
	EndGlobalSection
	GlobalSection(SolutionProperties) = preSolution
		HideSolutionNode = FALSE
	EndGlobalSection
	GlobalSection(NestedProjects) = preSolution
		{25EC794C-A39E-4420-B2FA-F670CB4530AC} = {0F9BB33A-FF1F-4618-8EE7-40681F90BF0C}
		{6568C5DF-0251-4D9B-992C-4802B74FB8C3} = {0F9BB33A-FF1F-4618-8EE7-40681F90BF0C}
		{EA9E7DD6-21B0-4C12-8907-8495BB41B190} = {C3E6F8E7-76E7-4BEE-AEEE-9B867E852F12}
		{94EAC77A-B1C5-454A-9E66-098544E02E72} = {25EC794C-A39E-4420-B2FA-F670CB4530AC}
		{35948F68-A753-47BE-94D5-DB8A11A3DB19} = {B633535F-801F-4151-A760-40370E6C438F}
		{FDAE2EC3-0A09-45F8-9989-ED5931A7D7E7} = {6568C5DF-0251-4D9B-992C-4802B74FB8C3}
		{C0572B35-76AD-41D3-B9F6-FCCDD8FF4F29} = {6568C5DF-0251-4D9B-992C-4802B74FB8C3}
		{48AD8B56-6A37-44BE-B60E-2DEF9C767B19} = {25EC794C-A39E-4420-B2FA-F670CB4530AC}
	EndGlobalSection
EndGlobal
